<?xml version="1.0" encoding="utf-8"?>
<Project ToolsVersion="4.0" xmlns="http://schemas.microsoft.com/developer/msbuild/2003">
  <ItemGroup>
    <Filter Include="Source Files">
      <UniqueIdentifier>{4FC737F1-C7A5-4376-A066-2A32D752A2FF}</UniqueIdentifier>
      <Extensions>cpp;c;cc;cxx;def;odl;idl;hpj;bat;asm;asmx</Extensions>
    </Filter>
    <Filter Include="Header Files">
      <UniqueIdentifier>{93995380-89BD-4b04-88EB-625FBE52EBFB}</UniqueIdentifier>
      <Extensions>h;hh;hpp;hxx;hm;inl;inc;xsd</Extensions>
    </Filter>
    <Filter Include="Resource Files">
      <UniqueIdentifier>{67DA6AB6-F800-4c08-8B7A-83BB121AAD01}</UniqueIdentifier>
      <Extensions>rc;ico;cur;bmp;dlg;rc2;rct;bin;rgs;gif;jpg;jpeg;jpe;resx;tiff;tif;png;wav;mfcribbon-ms</Extensions>
    </Filter>
    <Filter Include="Header Files\Object">
      <UniqueIdentifier>{43a9a94d-8e93-417e-a3b9-55715a4366e2}</UniqueIdentifier>
    </Filter>
    <Filter Include="Header Files\Object\Player">
      <UniqueIdentifier>{944dc8c3-f517-4797-a6ef-cd2e854b5961}</UniqueIdentifier>
    </Filter>
    <Filter Include="Header Files\Scene">
      <UniqueIdentifier>{3d3181f2-d202-4732-a9a4-fa2da38adc26}</UniqueIdentifier>
    </Filter>
    <Filter Include="Header Files\Framework">
      <UniqueIdentifier>{496b38b0-7661-49c3-ad29-317b094a382e}</UniqueIdentifier>
    </Filter>
    <Filter Include="Header Files\Framework\Render">
      <UniqueIdentifier>{fbff7130-a952-4b82-ad40-5fa6eb059ab4}</UniqueIdentifier>
    </Filter>
    <Filter Include="Header Files\Object\Obstacle">
      <UniqueIdentifier>{a755d5fd-5587-4d3c-8e61-784303fae2b6}</UniqueIdentifier>
    </Filter>
    <Filter Include="Header Files\Bullet">
      <UniqueIdentifier>{7cd8f235-241c-4b50-bec5-d0a7688014c4}</UniqueIdentifier>
    </Filter>
    <Filter Include="Header Files\Object\Enemy">
      <UniqueIdentifier>{6d3d989e-924e-46e0-90ee-3047828e3fcf}</UniqueIdentifier>
    </Filter>
    <Filter Include="Header Files\HUD">
      <UniqueIdentifier>{5f26b995-23e6-45a1-ae55-5c4da8a32692}</UniqueIdentifier>
    </Filter>
    <Filter Include="Header Files\Item">
      <UniqueIdentifier>{c61804d1-06b5-4ca0-ab27-4daa9f924814}</UniqueIdentifier>
    </Filter>
  </ItemGroup>
  <ItemGroup>
    <ClInclude Include="Animations.h">
      <Filter>Header Files\Framework\Render</Filter>
    </ClInclude>
    <ClInclude Include="Textures.h">
      <Filter>Header Files\Framework\Render</Filter>
    </ClInclude>
    <ClInclude Include="Sprites.h">
      <Filter>Header Files\Framework\Render</Filter>
    </ClInclude>
    <ClInclude Include="Player.h">
      <Filter>Header Files\Object\Player</Filter>
    </ClInclude>
    <ClInclude Include="Camera.h">
      <Filter>Header Files\Framework</Filter>
    </ClInclude>
    <ClInclude Include="Scene.h">
      <Filter>Header Files\Scene</Filter>
    </ClInclude>
    <ClInclude Include="PlayScene.h">
      <Filter>Header Files\Scene</Filter>
    </ClInclude>
    <ClInclude Include="Game.h">
      <Filter>Header Files\Framework</Filter>
    </ClInclude>
    <ClInclude Include="debug.h">
      <Filter>Header Files\Framework</Filter>
    </ClInclude>
    <ClInclude Include="Entity.h">
      <Filter>Header Files\Framework</Filter>
    </ClInclude>
    <ClInclude Include="define.h">
      <Filter>Header Files\Framework</Filter>
    </ClInclude>
    <ClInclude Include="Brick.h">
      <Filter>Header Files\Object\Obstacle</Filter>
    </ClInclude>
    <ClInclude Include="Gate.h">
      <Filter>Header Files\Object\Obstacle</Filter>
    </ClInclude>
    <ClInclude Include="KeyboardHandler.h">
      <Filter>Header Files\Framework</Filter>
    </ClInclude>
    <ClInclude Include="Bullet.h">
      <Filter>Header Files\Bullet</Filter>
    </ClInclude>
    <ClInclude Include="MainJasonBullet.h">
      <Filter>Header Files\Bullet</Filter>
    </ClInclude>
    <ClInclude Include="ElectricBullet.h">
      <Filter>Header Files\Bullet</Filter>
    </ClInclude>
    <ClInclude Include="SceneManager.h">
      <Filter>Header Files\Scene</Filter>
    </ClInclude>
    <ClInclude Include="Centipede.h">
      <Filter>Header Files\Object\Enemy</Filter>
    </ClInclude>
    <ClInclude Include="HealthBar.h">
      <Filter>Header Files\HUD</Filter>
    </ClInclude>
    <ClInclude Include="HUD.h">
      <Filter>Header Files\HUD</Filter>
    </ClInclude>
    <ClInclude Include="Item.h">
      <Filter>Header Files\Item</Filter>
    </ClInclude>
    <ClInclude Include="Timer.h">
      <Filter>Header Files\Framework</Filter>
    </ClInclude>
    <ClInclude Include="PowerUp.h">
      <Filter>Header Files\Item</Filter>
    </ClInclude>
  </ItemGroup>
  <ItemGroup>
    <ClCompile Include="Animations.cpp">
      <Filter>Header Files\Framework\Render</Filter>
    </ClCompile>
    <ClCompile Include="Textures.cpp">
      <Filter>Header Files\Framework\Render</Filter>
    </ClCompile>
    <ClCompile Include="Sprites.cpp">
      <Filter>Header Files\Framework\Render</Filter>
    </ClCompile>
    <ClCompile Include="Player.cpp">
      <Filter>Header Files\Object\Player</Filter>
    </ClCompile>
    <ClCompile Include="Scene.cpp">
      <Filter>Header Files\Scene</Filter>
    </ClCompile>
    <ClCompile Include="PlayScene.cpp">
      <Filter>Header Files\Scene</Filter>
    </ClCompile>
    <ClCompile Include="Camera.cpp">
      <Filter>Header Files\Framework</Filter>
    </ClCompile>
    <ClCompile Include="Game.cpp">
      <Filter>Header Files\Framework</Filter>
    </ClCompile>
    <ClCompile Include="debug.cpp">
      <Filter>Header Files\Framework</Filter>
    </ClCompile>
    <ClCompile Include="main.cpp">
      <Filter>Source Files</Filter>
    </ClCompile>
    <ClCompile Include="Entity.cpp">
      <Filter>Header Files\Framework</Filter>
    </ClCompile>
    <ClCompile Include="define.cpp">
      <Filter>Header Files\Framework</Filter>
    </ClCompile>
    <ClCompile Include="SceneManager.cpp">
      <Filter>Header Files\Scene</Filter>
    </ClCompile>
    <ClCompile Include="Brick.cpp">
      <Filter>Header Files\Object\Obstacle</Filter>
    </ClCompile>
    <ClCompile Include="Gate.cpp">
      <Filter>Header Files\Object\Obstacle</Filter>
    </ClCompile>
    <ClCompile Include="Bullet.cpp">
      <Filter>Header Files\Bullet</Filter>
    </ClCompile>
    <ClCompile Include="MainJasonBullet.cpp">
      <Filter>Header Files\Bullet</Filter>
    </ClCompile>
    <ClCompile Include="ElectricBullet.cpp">
      <Filter>Header Files\Bullet</Filter>
    </ClCompile>
    <ClCompile Include="Centipede.cpp">
      <Filter>Header Files\Object\Enemy</Filter>
    </ClCompile>
    <ClCompile Include="HealthBar.cpp">
      <Filter>Header Files\HUD</Filter>
    </ClCompile>
    <ClCompile Include="HUD.cpp">
      <Filter>Header Files\HUD</Filter>
    </ClCompile>
    <ClCompile Include="Item.cpp">
      <Filter>Header Files\Item</Filter>
    </ClCompile>
    <ClCompile Include="Timer.cpp">
      <Filter>Header Files\Framework</Filter>
    </ClCompile>
    <ClCompile Include="PowerUp.cpp">
      <Filter>Header Files\Item</Filter>
    </ClCompile>
  </ItemGroup>
</Project>